
Microsoft Visual Studio Solution File, Format Version 12.00
# Visual Studio Version 16
VisualStudioVersion = 16.0.31005.135
MinimumVisualStudioVersion = 10.0.40219.1
Project("{FAE04EC0-301F-11D3-BF4B-00C04F79EFBC}") = "SlideToUnlock.Android", "SlideToUnlock.Android\SlideToUnlock.Android.csproj", "{5F780F71-4806-40BB-8173-B11B73E31FBA}"
EndProject
Project("{FAE04EC0-301F-11D3-BF4B-00C04F79EFBC}") = "SlideToUnlock", "SlideToUnlock\SlideToUnlock.csproj", "{8E9DE042-9E0C-422B-A94F-BBA79498D0C1}"
EndProject
Global
	GlobalSection(SolutionConfigurationPlatforms) = preSolution
		Debug|Any CPU = Debug|Any CPU
		Release|Any CPU = Release|Any CPU
	EndGlobalSection
	GlobalSection(ProjectConfigurationPlatforms) = postSolution
		{5F780F71-4806-40BB-8173-B11B73E31FBA}.Debug|Any CPU.ActiveCfg = Debug|Any CPU
		{5F780F71-4806-40BB-8173-B11B73E31FBA}.Debug|Any CPU.Build.0 = Debug|Any CPU
		{5F780F71-4806-40BB-8173-B11B73E31FBA}.Debug|Any CPU.Deploy.0 = Debug|Any CPU
		{5F780F71-4806-40BB-8173-B11B73E31FBA}.Release|Any CPU.ActiveCfg = Release|Any CPU
		{5F780F71-4806-40BB-8173-B11B73E31FBA}.Release|Any CPU.Build.0 = Release|Any CPU
		{5F780F71-4806-40BB-8173-B11B73E31FBA}.Release|Any CPU.Deploy.0 = Release|Any CPU
		{8E9DE042-9E0C-422B-A94F-BBA79498D0C1}.Debug|Any CPU.ActiveCfg = Debug|Any CPU
		{8E9DE042-9E0C-422B-A94F-BBA79498D0C1}.Debug|Any CPU.Build.0 = Debug|Any CPU
		{8E9DE042-9E0C-422B-A94F-BBA79498D0C1}.Debug|Any CPU.Deploy.0 = Debug|Any CPU
		{8E9DE042-9E0C-422B-A94F-BBA79498D0C1}.Release|Any CPU.ActiveCfg = Release|Any CPU
		{8E9DE042-9E0C-422B-A94F-BBA79498D0C1}.Release|Any CPU.Build.0 = Release|Any CPU
		{8E9DE042-9E0C-422B-A94F-BBA79498D0C1}.Release|Any CPU.Deploy.0 = Release|Any CPU
	EndGlobalSection
	GlobalSection(SolutionProperties) = preSolution
		HideSolutionNode = FALSE
	EndGlobalSection
	GlobalSection(ExtensibilityGlobals) = postSolution
		SolutionGuid = {95D8C8E1-9A1F-4B46-B338-795F1D5D1B00}
	EndGlobalSection
EndGlobal
